# THIS IS AN AUTOGENERATED FILE. DO NOT EDIT THIS FILE DIRECTLY.
# yarn lockfile v1


"@types/angular@^1.6.14":
  version "1.8.0"
  resolved "https://registry.yarnpkg.com/@types/angular/-/angular-1.8.0.tgz#6bce6f21d69f9dfa45e3e3dd76f723496b12c32c"
  integrity sha512-tF4Ulq9GC54wKboxfvt91tkfJNGcFWEfkuptX5HCNVt4emwJQqWloCpUzepyKLjpKSIEOZaxupb/GX2ESwz3wQ==

angular-dateParser@^1.2.1:
  version "1.2.1"
  resolved "https://registry.yarnpkg.com/angular-dateParser/-/angular-dateParser-1.2.1.tgz#f87fcbcdfcf56a0a9ebe6beae2f6506f319f51ba"
  integrity sha512-dTjaPkTgb3DgP8P7JOEzr42Z95lc6WPGzTSc+W4rBLlEXtlw2bU0TNR0d5ZwATrBue8fAm7Ek1KJ+/TXqMhAng==
  dependencies:
    "@types/angular" "^1.6.14"
    angular "^1.6.4"
    angular-i18n "^1.6.4"

angular-i18n@^1.6.4:
  version "1.8.2"
  resolved "https://registry.yarnpkg.com/angular-i18n/-/angular-i18n-1.8.2.tgz#eeeaef6e065d60759c03986397b37a87cbcbea33"
  integrity sha512-IVXiWS0fWLnDPTy5z/iO/mVATE3/Eyj0aHEUrhSro8Dxtsv0iw6RLBATkawl4z7AZPX3eN6pqScd5dg56m0dpA==

angular@^1.6.4:
  version "1.8.2"
  resolved "https://registry.yarnpkg.com/angular/-/angular-1.8.2.tgz#5983bbb5a9fa63e213cb7749199e0d352de3a2f1"
  integrity sha512-IauMOej2xEe7/7Ennahkbb5qd/HFADiNuLSESz9Q27inmi32zB0lnAsFeLEWcox3Gd1F6YhNd1CP7/9IukJ0Gw==

tslib@^2.0.0:
  version "2.1.0"
  resolved "https://registry.yarnpkg.com/tslib/-/tslib-2.1.0.tgz#da60860f1c2ecaa5703ab7d39bc05b6bf988b97a"
  integrity sha512-hcVC3wYEziELGGmEEXue7D75zbwIIVUMWAVbHItGPx0ziyXxrOMQx4rQEVEV45Ut/1IotuEvwqPopzIOkDMf0A==
